
Microsoft Visual Studio Solution File, Format Version 12.00
Project("{2150E333-8FDC-42A3-9474-1A3956D46DE8}") = "src", "src", "{C9BC5DFF-88B7-4A8B-ACB8-40F467940E9C}"
EndProject
Project("{2150E333-8FDC-42A3-9474-1A3956D46DE8}") = "core", "core", "{6CA55A7C-9A9B-4DA6-9BD5-3303F764D6FE}"
EndProject
Project("{2150E333-8FDC-42A3-9474-1A3956D46DE8}") = "infrastructure", "infrastructure", "{01AEBA15-F4F4-4B8A-8B3B-B02E3124BB8F}"
EndProject
Project("{2150E333-8FDC-42A3-9474-1A3956D46DE8}") = "tests", "tests", "{CEF8E6E7-9541-4E27-8BA2-9A7D40A584E9}"
EndProject
Project("{2150E333-8FDC-42A3-9474-1A3956D46DE8}") = "presentation", "presentation", "{BA113314-9ED0-41A5-9797-07F91429AC8E}"
EndProject
Project("{FAE04EC0-301F-11D3-BF4B-00C04F79EFBC}") = "domain", "src\core\domain\domain.csproj", "{D2DE3150-9989-4FBE-A025-551BA1B38703}"
EndProject
Project("{2150E333-8FDC-42A3-9474-1A3956D46DE8}") = "tools", "tools", "{10B17689-7361-4CC3-8007-5F0CE1411918}"
EndProject
Project("{FAE04EC0-301F-11D3-BF4B-00C04F79EFBC}") = "OperationResult", "src\core\tools\OperationResult\OperationResult.csproj", "{B27327AA-A41A-4C75-8BD2-DBB44D16D48E}"
EndProject
Project("{FAE04EC0-301F-11D3-BF4B-00C04F79EFBC}") = "unitTests", "src\tests\unitTests\unitTests.csproj", "{81B6A1B8-D5D4-4378-9550-07484C1EEBB2}"
EndProject
Project("{FAE04EC0-301F-11D3-BF4B-00C04F79EFBC}") = "entityFrameworkCore", "src\infrastructure\entityFrameworkCore\entityFrameworkCore.csproj", "{A28B60D0-CEAB-42E6-8CF5-A14F42C75F72}"
EndProject
Project("{FAE04EC0-301F-11D3-BF4B-00C04F79EFBC}") = "api", "src\presentation\api\api.csproj", "{580F60B4-F989-48BB-B1BF-9312DD836369}"
EndProject
Project("{FAE04EC0-301F-11D3-BF4B-00C04F79EFBC}") = "application", "src\core\application\application.csproj", "{5553596F-38C8-40B3-8D23-9CF512B42E8B}"
EndProject
Global
	GlobalSection(SolutionConfigurationPlatforms) = preSolution
		Debug|Any CPU = Debug|Any CPU
		Release|Any CPU = Release|Any CPU
	EndGlobalSection
	GlobalSection(NestedProjects) = preSolution
		{6CA55A7C-9A9B-4DA6-9BD5-3303F764D6FE} = {C9BC5DFF-88B7-4A8B-ACB8-40F467940E9C}
		{01AEBA15-F4F4-4B8A-8B3B-B02E3124BB8F} = {C9BC5DFF-88B7-4A8B-ACB8-40F467940E9C}
		{CEF8E6E7-9541-4E27-8BA2-9A7D40A584E9} = {C9BC5DFF-88B7-4A8B-ACB8-40F467940E9C}
		{BA113314-9ED0-41A5-9797-07F91429AC8E} = {C9BC5DFF-88B7-4A8B-ACB8-40F467940E9C}
		{D2DE3150-9989-4FBE-A025-551BA1B38703} = {6CA55A7C-9A9B-4DA6-9BD5-3303F764D6FE}
		{10B17689-7361-4CC3-8007-5F0CE1411918} = {6CA55A7C-9A9B-4DA6-9BD5-3303F764D6FE}
		{B27327AA-A41A-4C75-8BD2-DBB44D16D48E} = {10B17689-7361-4CC3-8007-5F0CE1411918}
		{81B6A1B8-D5D4-4378-9550-07484C1EEBB2} = {CEF8E6E7-9541-4E27-8BA2-9A7D40A584E9}
		{A28B60D0-CEAB-42E6-8CF5-A14F42C75F72} = {01AEBA15-F4F4-4B8A-8B3B-B02E3124BB8F}
		{580F60B4-F989-48BB-B1BF-9312DD836369} = {BA113314-9ED0-41A5-9797-07F91429AC8E}
		{5553596F-38C8-40B3-8D23-9CF512B42E8B} = {6CA55A7C-9A9B-4DA6-9BD5-3303F764D6FE}
	EndGlobalSection
	GlobalSection(ProjectConfigurationPlatforms) = postSolution
		{D2DE3150-9989-4FBE-A025-551BA1B38703}.Debug|Any CPU.ActiveCfg = Debug|Any CPU
		{D2DE3150-9989-4FBE-A025-551BA1B38703}.Debug|Any CPU.Build.0 = Debug|Any CPU
		{D2DE3150-9989-4FBE-A025-551BA1B38703}.Release|Any CPU.ActiveCfg = Release|Any CPU
		{D2DE3150-9989-4FBE-A025-551BA1B38703}.Release|Any CPU.Build.0 = Release|Any CPU
		{B27327AA-A41A-4C75-8BD2-DBB44D16D48E}.Debug|Any CPU.ActiveCfg = Debug|Any CPU
		{B27327AA-A41A-4C75-8BD2-DBB44D16D48E}.Debug|Any CPU.Build.0 = Debug|Any CPU
		{B27327AA-A41A-4C75-8BD2-DBB44D16D48E}.Release|Any CPU.ActiveCfg = Release|Any CPU
		{B27327AA-A41A-4C75-8BD2-DBB44D16D48E}.Release|Any CPU.Build.0 = Release|Any CPU
		{81B6A1B8-D5D4-4378-9550-07484C1EEBB2}.Debug|Any CPU.ActiveCfg = Debug|Any CPU
		{81B6A1B8-D5D4-4378-9550-07484C1EEBB2}.Debug|Any CPU.Build.0 = Debug|Any CPU
		{81B6A1B8-D5D4-4378-9550-07484C1EEBB2}.Release|Any CPU.ActiveCfg = Release|Any CPU
		{81B6A1B8-D5D4-4378-9550-07484C1EEBB2}.Release|Any CPU.Build.0 = Release|Any CPU
		{A28B60D0-CEAB-42E6-8CF5-A14F42C75F72}.Debug|Any CPU.ActiveCfg = Debug|Any CPU
		{A28B60D0-CEAB-42E6-8CF5-A14F42C75F72}.Debug|Any CPU.Build.0 = Debug|Any CPU
		{A28B60D0-CEAB-42E6-8CF5-A14F42C75F72}.Release|Any CPU.ActiveCfg = Release|Any CPU
		{A28B60D0-CEAB-42E6-8CF5-A14F42C75F72}.Release|Any CPU.Build.0 = Release|Any CPU
		{580F60B4-F989-48BB-B1BF-9312DD836369}.Debug|Any CPU.ActiveCfg = Debug|Any CPU
		{580F60B4-F989-48BB-B1BF-9312DD836369}.Debug|Any CPU.Build.0 = Debug|Any CPU
		{580F60B4-F989-48BB-B1BF-9312DD836369}.Release|Any CPU.ActiveCfg = Release|Any CPU
		{580F60B4-F989-48BB-B1BF-9312DD836369}.Release|Any CPU.Build.0 = Release|Any CPU
		{5553596F-38C8-40B3-8D23-9CF512B42E8B}.Debug|Any CPU.ActiveCfg = Debug|Any CPU
		{5553596F-38C8-40B3-8D23-9CF512B42E8B}.Debug|Any CPU.Build.0 = Debug|Any CPU
		{5553596F-38C8-40B3-8D23-9CF512B42E8B}.Release|Any CPU.ActiveCfg = Release|Any CPU
		{5553596F-38C8-40B3-8D23-9CF512B42E8B}.Release|Any CPU.Build.0 = Release|Any CPU
	EndGlobalSection
EndGlobal
